
Microsoft Visual Studio Solution File, Format Version 12.00
# Visual Studio Version 17
VisualStudioVersion = 17.5.002.0
MinimumVisualStudioVersion = 10.0.40219.1
Project("{9A19103F-16F7-4668-BE54-9A1E7A4F7556}") = "Task1", "Task1\Task1.csproj", "{C5ED1230-CC76-4F15-B3EB-58AC1144DCB9}"
EndProject
Global
	GlobalSection(SolutionConfigurationPlatforms) = preSolution
		Debug|Any CPU = Debug|Any CPU
		Release|Any CPU = Release|Any CPU
	EndGlobalSection
	GlobalSection(ProjectConfigurationPlatforms) = postSolution
		{C5ED1230-CC76-4F15-B3EB-58AC1144DCB9}.Debug|Any CPU.ActiveCfg = Debug|Any CPU
		{C5ED1230-CC76-4F15-B3EB-58AC1144DCB9}.Debug|Any CPU.Build.0 = Debug|Any CPU
		{C5ED1230-CC76-4F15-B3EB-58AC1144DCB9}.Release|Any CPU.ActiveCfg = Release|Any CPU
		{C5ED1230-CC76-4F15-B3EB-58AC1144DCB9}.Release|Any CPU.Build.0 = Release|Any CPU
	EndGlobalSection
	GlobalSection(SolutionProperties) = preSolution
		HideSolutionNode = FALSE
	EndGlobalSection
	GlobalSection(ExtensibilityGlobals) = postSolution
		SolutionGuid = {AD04CBB1-FE01-4BB5-8BA8-13E25CC911F3}
	EndGlobalSection
EndGlobal
